
Microsoft Visual Studio Solution File, Format Version 12.00
# Visual Studio Version 16
VisualStudioVersion = 16.0.29409.12
MinimumVisualStudioVersion = 10.0.40219.1
Project("{9A19103F-16F7-4668-BE54-9A1E7A4F7556}") = "ChefsAndDishes", "ChefsAndDishes\ChefsAndDishes.csproj", "{BFC24A6B-6D8C-404A-8A5A-1AD3BF85D806}"
EndProject
Global
	GlobalSection(SolutionConfigurationPlatforms) = preSolution
		Debug|Any CPU = Debug|Any CPU
		Release|Any CPU = Release|Any CPU
	EndGlobalSection
	GlobalSection(ProjectConfigurationPlatforms) = postSolution
		{BFC24A6B-6D8C-404A-8A5A-1AD3BF85D806}.Debug|Any CPU.ActiveCfg = Debug|Any CPU
		{BFC24A6B-6D8C-404A-8A5A-1AD3BF85D806}.Debug|Any CPU.Build.0 = Debug|Any CPU
		{BFC24A6B-6D8C-404A-8A5A-1AD3BF85D806}.Release|Any CPU.ActiveCfg = Release|Any CPU
		{BFC24A6B-6D8C-404A-8A5A-1AD3BF85D806}.Release|Any CPU.Build.0 = Release|Any CPU
	EndGlobalSection
	GlobalSection(SolutionProperties) = preSolution
		HideSolutionNode = FALSE
	EndGlobalSection
	GlobalSection(ExtensibilityGlobals) = postSolution
		SolutionGuid = {E7CE9528-12FE-41D7-AF30-480C6A24D82B}
	EndGlobalSection
EndGlobal
